
Microsoft Visual Studio Solution File, Format Version 12.00
# Visual Studio Version 17
VisualStudioVersion = 17.0.31903.59
MinimumVisualStudioVersion = 10.0.40219.1
Project("{2150E333-8FDC-42A3-9474-1A3956D46DE8}") = "ApiGateways", "ApiGateways", "{AA652159-2180-499E-8F08-22829AF62E6E}"
EndProject
Project("{9A19103F-16F7-4668-BE54-9A1E7A4F7556}") = "WebShoping", "ApiGateways\WebShoping\WebShoping.csproj", "{864E635B-3834-4F3D-BE9A-1B74EEDDFE92}"
EndProject
Project("{2150E333-8FDC-42A3-9474-1A3956D46DE8}") = "Libs", "Libs", "{37DCD171-59D3-495B-BB23-2D6290FB2586}"
EndProject
Project("{9A19103F-16F7-4668-BE54-9A1E7A4F7556}") = "Core", "Libs\Core\Core.csproj", "{178B3D5E-9154-4A2F-A3E3-D6CA2DC793D0}"
EndProject
Project("{9A19103F-16F7-4668-BE54-9A1E7A4F7556}") = "EfCore", "Libs\EfCore\EfCore.csproj", "{950FF862-0B17-4760-80E1-FE820A4F0A58}"
EndProject
Project("{9A19103F-16F7-4668-BE54-9A1E7A4F7556}") = "Infrastructure", "Libs\Infrastructure\Infrastructure.csproj", "{DD5A2A98-B745-4FFF-B6A3-CC17DC1789B2}"
EndProject
Project("{2150E333-8FDC-42A3-9474-1A3956D46DE8}") = "Services", "Services", "{B46B5BB8-130B-46AF-B296-007D2D4D0F65}"
EndProject
Project("{FAE04EC0-301F-11D3-BF4B-00C04F79EFBC}") = "Basket", "Services\Basket\Basket.csproj", "{27659311-AC8A-43FD-AA12-6B4B6EEBD633}"
EndProject
Project("{FAE04EC0-301F-11D3-BF4B-00C04F79EFBC}") = "Identity", "Services\Identity\Identity.csproj", "{D87116EA-3AF5-4600-8355-DDDE203B1AFF}"
EndProject
Project("{FAE04EC0-301F-11D3-BF4B-00C04F79EFBC}") = "Product", "Services\Product\Product.csproj", "{F7B9E20E-F9E7-413A-BC09-77EEEBDB78DE}"
EndProject
Global
	GlobalSection(SolutionConfigurationPlatforms) = preSolution
		Debug|Any CPU = Debug|Any CPU
		Release|Any CPU = Release|Any CPU
	EndGlobalSection
	GlobalSection(ProjectConfigurationPlatforms) = postSolution
		{864E635B-3834-4F3D-BE9A-1B74EEDDFE92}.Debug|Any CPU.ActiveCfg = Debug|Any CPU
		{864E635B-3834-4F3D-BE9A-1B74EEDDFE92}.Debug|Any CPU.Build.0 = Debug|Any CPU
		{864E635B-3834-4F3D-BE9A-1B74EEDDFE92}.Release|Any CPU.ActiveCfg = Release|Any CPU
		{864E635B-3834-4F3D-BE9A-1B74EEDDFE92}.Release|Any CPU.Build.0 = Release|Any CPU
		{178B3D5E-9154-4A2F-A3E3-D6CA2DC793D0}.Debug|Any CPU.ActiveCfg = Debug|Any CPU
		{178B3D5E-9154-4A2F-A3E3-D6CA2DC793D0}.Debug|Any CPU.Build.0 = Debug|Any CPU
		{178B3D5E-9154-4A2F-A3E3-D6CA2DC793D0}.Release|Any CPU.ActiveCfg = Release|Any CPU
		{178B3D5E-9154-4A2F-A3E3-D6CA2DC793D0}.Release|Any CPU.Build.0 = Release|Any CPU
		{950FF862-0B17-4760-80E1-FE820A4F0A58}.Debug|Any CPU.ActiveCfg = Debug|Any CPU
		{950FF862-0B17-4760-80E1-FE820A4F0A58}.Debug|Any CPU.Build.0 = Debug|Any CPU
		{950FF862-0B17-4760-80E1-FE820A4F0A58}.Release|Any CPU.ActiveCfg = Release|Any CPU
		{950FF862-0B17-4760-80E1-FE820A4F0A58}.Release|Any CPU.Build.0 = Release|Any CPU
		{DD5A2A98-B745-4FFF-B6A3-CC17DC1789B2}.Debug|Any CPU.ActiveCfg = Debug|Any CPU
		{DD5A2A98-B745-4FFF-B6A3-CC17DC1789B2}.Debug|Any CPU.Build.0 = Debug|Any CPU
		{DD5A2A98-B745-4FFF-B6A3-CC17DC1789B2}.Release|Any CPU.ActiveCfg = Release|Any CPU
		{DD5A2A98-B745-4FFF-B6A3-CC17DC1789B2}.Release|Any CPU.Build.0 = Release|Any CPU
		{27659311-AC8A-43FD-AA12-6B4B6EEBD633}.Debug|Any CPU.ActiveCfg = Debug|Any CPU
		{27659311-AC8A-43FD-AA12-6B4B6EEBD633}.Debug|Any CPU.Build.0 = Debug|Any CPU
		{27659311-AC8A-43FD-AA12-6B4B6EEBD633}.Release|Any CPU.ActiveCfg = Release|Any CPU
		{27659311-AC8A-43FD-AA12-6B4B6EEBD633}.Release|Any CPU.Build.0 = Release|Any CPU
		{D87116EA-3AF5-4600-8355-DDDE203B1AFF}.Debug|Any CPU.ActiveCfg = Debug|Any CPU
		{D87116EA-3AF5-4600-8355-DDDE203B1AFF}.Debug|Any CPU.Build.0 = Debug|Any CPU
		{D87116EA-3AF5-4600-8355-DDDE203B1AFF}.Release|Any CPU.ActiveCfg = Release|Any CPU
		{D87116EA-3AF5-4600-8355-DDDE203B1AFF}.Release|Any CPU.Build.0 = Release|Any CPU
		{F7B9E20E-F9E7-413A-BC09-77EEEBDB78DE}.Debug|Any CPU.ActiveCfg = Debug|Any CPU
		{F7B9E20E-F9E7-413A-BC09-77EEEBDB78DE}.Debug|Any CPU.Build.0 = Debug|Any CPU
		{F7B9E20E-F9E7-413A-BC09-77EEEBDB78DE}.Release|Any CPU.ActiveCfg = Release|Any CPU
		{F7B9E20E-F9E7-413A-BC09-77EEEBDB78DE}.Release|Any CPU.Build.0 = Release|Any CPU
	EndGlobalSection
	GlobalSection(SolutionProperties) = preSolution
		HideSolutionNode = FALSE
	EndGlobalSection
	GlobalSection(NestedProjects) = preSolution
		{864E635B-3834-4F3D-BE9A-1B74EEDDFE92} = {AA652159-2180-499E-8F08-22829AF62E6E}
		{178B3D5E-9154-4A2F-A3E3-D6CA2DC793D0} = {37DCD171-59D3-495B-BB23-2D6290FB2586}
		{950FF862-0B17-4760-80E1-FE820A4F0A58} = {37DCD171-59D3-495B-BB23-2D6290FB2586}
		{DD5A2A98-B745-4FFF-B6A3-CC17DC1789B2} = {37DCD171-59D3-495B-BB23-2D6290FB2586}
		{27659311-AC8A-43FD-AA12-6B4B6EEBD633} = {B46B5BB8-130B-46AF-B296-007D2D4D0F65}
		{D87116EA-3AF5-4600-8355-DDDE203B1AFF} = {B46B5BB8-130B-46AF-B296-007D2D4D0F65}
		{F7B9E20E-F9E7-413A-BC09-77EEEBDB78DE} = {B46B5BB8-130B-46AF-B296-007D2D4D0F65}
	EndGlobalSection
EndGlobal
